{
  "version": 4,
  "terraform_version": "1.5.5",
  "serial": 11,
  "lineage": "3aa0edcf-ce2e-beac-686e-fd99cd3e38e1",
  "outputs": {
    "service_account_email": {
      "value": "github-actions@ai-web-component-00.iam.gserviceaccount.com",
      "type": "string"
    },
    "workload_identity_pool_id": {
      "value": "github-actions-pool",
      "type": "string"
    },
    "workload_identity_pool_name": {
      "value": "projects/71966184676/locations/global/workloadIdentityPools/github-actions-pool",
      "type": "string"
    },
    "workload_identity_pool_provider_id": {
      "value": "github-actions-provider",
      "type": "string"
    }
  },
  "resources": [
    {
      "mode": "managed",
      "type": "google_iam_workload_identity_pool",
      "name": "github",
      "provider": "provider[\"registry.terraform.io/hashicorp/google\"]",
      "instances": [
        {
          "schema_version": 0,
          "attributes": {
            "description": "Identity pool for GitHub Actions",
            "disabled": false,
            "display_name": "GitHub Actions Pool",
            "id": "projects/ai-web-component-00/locations/global/workloadIdentityPools/github-actions-pool",
            "name": "projects/71966184676/locations/global/workloadIdentityPools/github-actions-pool",
            "project": "ai-web-component-00",
            "state": "ACTIVE",
            "timeouts": null,
            "workload_identity_pool_id": "github-actions-pool"
          },
          "sensitive_attributes": [],
          "private": "eyJlMmJmYjczMC1lY2FhLTExZTYtOGY4OC0zNDM2M2JjN2M0YzAiOnsiY3JlYXRlIjoxMjAwMDAwMDAwMDAwLCJkZWxldGUiOjEyMDAwMDAwMDAwMDAsInVwZGF0ZSI6MTIwMDAwMDAwMDAwMH19"
        }
      ]
    },
    {
      "mode": "managed",
      "type": "google_project_iam_member",
      "name": "github_actions_admin",
      "provider": "provider[\"registry.terraform.io/hashicorp/google\"]",
      "instances": [
        {
          "schema_version": 0,
          "attributes": {
            "condition": [],
            "etag": "BwYyEyD9zGg=",
            "id": "ai-web-component-00/roles/owner/serviceAccount:github-actions@ai-web-component-00.iam.gserviceaccount.com",
            "member": "serviceAccount:github-actions@ai-web-component-00.iam.gserviceaccount.com",
            "project": "ai-web-component-00",
            "role": "roles/owner"
          },
          "sensitive_attributes": [],
          "private": "bnVsbA==",
          "dependencies": [
            "google_service_account.github_actions"
          ]
        }
      ]
    },
    {
      "mode": "managed",
      "type": "google_service_account",
      "name": "github_actions",
      "provider": "provider[\"registry.terraform.io/hashicorp/google\"]",
      "instances": [
        {
          "schema_version": 0,
          "attributes": {
            "account_id": "github-actions",
            "description": "Service account used by GitHub Actions for tombanjo/ai-web-component",
            "disabled": false,
            "display_name": "GitHub Actions Service Account",
            "email": "github-actions@ai-web-component-00.iam.gserviceaccount.com",
            "id": "projects/ai-web-component-00/serviceAccounts/github-actions@ai-web-component-00.iam.gserviceaccount.com",
            "member": "serviceAccount:github-actions@ai-web-component-00.iam.gserviceaccount.com",
            "name": "projects/ai-web-component-00/serviceAccounts/github-actions@ai-web-component-00.iam.gserviceaccount.com",
            "project": "ai-web-component-00",
            "timeouts": null,
            "unique_id": "106272161607604636743"
          },
          "sensitive_attributes": [],
          "private": "eyJlMmJmYjczMC1lY2FhLTExZTYtOGY4OC0zNDM2M2JjN2M0YzAiOnsiY3JlYXRlIjozMDAwMDAwMDAwMDB9fQ=="
        }
      ]
    },
    {
      "mode": "managed",
      "type": "google_service_account_iam_member",
      "name": "github_actions_identity",
      "provider": "provider[\"registry.terraform.io/hashicorp/google\"]",
      "instances": [
        {
          "schema_version": 0,
          "attributes": {
            "condition": [],
            "etag": "BwYyEyFduR4=",
            "id": "projects/ai-web-component-00/serviceAccounts/github-actions@ai-web-component-00.iam.gserviceaccount.com/roles/iam.workloadIdentityUser/principalSet://iam.googleapis.com/projects/71966184676/locations/global/workloadIdentityPools/github-actions-pool/attribute.repository/tombanjo/ai-web-component",
            "member": "principalSet://iam.googleapis.com/projects/71966184676/locations/global/workloadIdentityPools/github-actions-pool/attribute.repository/tombanjo/ai-web-component",
            "role": "roles/iam.workloadIdentityUser",
            "service_account_id": "projects/ai-web-component-00/serviceAccounts/github-actions@ai-web-component-00.iam.gserviceaccount.com"
          },
          "sensitive_attributes": [],
          "private": "bnVsbA==",
          "dependencies": [
            "google_iam_workload_identity_pool.github",
            "google_service_account.github_actions"
          ]
        }
      ]
    }
  ],
  "check_results": null
}
